// !$*UTF8*$!
{
	archiveVersion = 1;
	classes = {
	};
	objectVersion = 50;
	objects = {

/* Begin PBXBuildFile section */
		6496735221056B8D00D8E827 /* WritablePageView.swift in Sources */ = {isa = PBXBuildFile; fileRef = 6496735121056B8D00D8E827 /* WritablePageView.swift */; };
		64B14FEB2105A09700394323 /* Misc.swift in Sources */ = {isa = PBXBuildFile; fileRef = 64B14FEA2105A09700394323 /* Misc.swift */; };
		64BEFCE42106B79A006274A7 /* WritablePage.swift in Sources */ = {isa = PBXBuildFile; fileRef = 64BEFCE32106B79A006274A7 /* WritablePage.swift */; };
		64DFBB102103E48800378333 /* AppDelegate.swift in Sources */ = {isa = PBXBuildFile; fileRef = 64DFBB0F2103E48800378333 /* AppDelegate.swift */; };
		64DFBB122103E48800378333 /* ViewController.swift in Sources */ = {isa = PBXBuildFile; fileRef = 64DFBB112103E48800378333 /* ViewController.swift */; };
		64DFBB152103E48800378333 /* Main.storyboard in Resources */ = {isa = PBXBuildFile; fileRef = 64DFBB132103E48800378333 /* Main.storyboard */; };
		64DFBB172103E48A00378333 /* Assets.xcassets in Resources */ = {isa = PBXBuildFile; fileRef = 64DFBB162103E48A00378333 /* Assets.xcassets */; };
		64DFBB1A2103E48A00378333 /* LaunchScreen.storyboard in Resources */ = {isa = PBXBuildFile; fileRef = 64DFBB182103E48A00378333 /* LaunchScreen.storyboard */; };
		64DFBB222103E62A00378333 /* pdf.pdf in Resources */ = {isa = PBXBuildFile; fileRef = 64DFBB212103E62A00378333 /* pdf.pdf */; };
/* End PBXBuildFile section */

/* Begin PBXFileReference section */
		6496735121056B8D00D8E827 /* WritablePageView.swift */ = {isa = PBXFileReference; lastKnownFileType = sourcecode.swift; path = WritablePageView.swift; sourceTree = "<group>"; };
		64B14FEA2105A09700394323 /* Misc.swift */ = {isa = PBXFileReference; lastKnownFileType = sourcecode.swift; path = Misc.swift; sourceTree = "<group>"; };
		64BEFCE32106B79A006274A7 /* WritablePage.swift */ = {isa = PBXFileReference; lastKnownFileType = sourcecode.swift; path = WritablePage.swift; sourceTree = "<group>"; };
		64DFBB0C2103E48800378333 /* PDFAnnotator.app */ = {isa = PBXFileReference; explicitFileType = wrapper.application; includeInIndex = 0; path = PDFAnnotator.app; sourceTree = BUILT_PRODUCTS_DIR; };
		64DFBB0F2103E48800378333 /* AppDelegate.swift */ = {isa = PBXFileReference; lastKnownFileType = sourcecode.swift; path = AppDelegate.swift; sourceTree = "<group>"; };
		64DFBB112103E48800378333 /* ViewController.swift */ = {isa = PBXFileReference; lastKnownFileType = sourcecode.swift; path = ViewController.swift; sourceTree = "<group>"; };
		64DFBB142103E48800378333 /* Base */ = {isa = PBXFileReference; lastKnownFileType = file.storyboard; name = Base; path = Base.lproj/Main.storyboard; sourceTree = "<group>"; };
		64DFBB162103E48A00378333 /* Assets.xcassets */ = {isa = PBXFileReference; lastKnownFileType = folder.assetcatalog; path = Assets.xcassets; sourceTree = "<group>"; };
		64DFBB192103E48A00378333 /* Base */ = {isa = PBXFileReference; lastKnownFileType = file.storyboard; name = Base; path = Base.lproj/LaunchScreen.storyboard; sourceTree = "<group>"; };
		64DFBB1B2103E48A00378333 /* Info.plist */ = {isa = PBXFileReference; lastKnownFileType = text.plist.xml; path = Info.plist; sourceTree = "<group>"; };
		64DFBB212103E62A00378333 /* pdf.pdf */ = {isa = PBXFileReference; lastKnownFileType = image.pdf; path = pdf.pdf; sourceTree = "<group>"; };
/* End PBXFileReference section */

/* Begin PBXFrameworksBuildPhase section */
		64DFBB092103E48800378333 /* Frameworks */ = {
			isa = PBXFrameworksBuildPhase;
			buildActionMask = 2147483647;
			files = (
			);
			runOnlyForDeploymentPostprocessing = 0;
		};
/* End PBXFrameworksBuildPhase section */

/* Begin PBXGroup section */
		64DFBB032103E48800378333 = {
			isa = PBXGroup;
			children = (
				64DFBB0E2103E48800378333 /* PDFAnnotator */,
				64DFBB0D2103E48800378333 /* Products */,
			);
			sourceTree = "<group>";
		};
		64DFBB0D2103E48800378333 /* Products */ = {
			isa = PBXGroup;
			children = (
				64DFBB0C2103E48800378333 /* PDFAnnotator.app */,
			);
			name = Products;
			sourceTree = "<group>";
		};
		64DFBB0E2103E48800378333 /* PDFAnnotator */ = {
			isa = PBXGroup;
			children = (
				64DFBB0F2103E48800378333 /* AppDelegate.swift */,
				64DFBB112103E48800378333 /* ViewController.swift */,
				64DFBB132103E48800378333 /* Main.storyboard */,
				64DFBB162103E48A00378333 /* Assets.xcassets */,
				6496735121056B8D00D8E827 /* WritablePageView.swift */,
				64BEFCE32106B79A006274A7 /* WritablePage.swift */,
				64B14FEA2105A09700394323 /* Misc.swift */,
				64DFBB182103E48A00378333 /* LaunchScreen.storyboard */,
				64DFBB1B2103E48A00378333 /* Info.plist */,
				64DFBB212103E62A00378333 /* pdf.pdf */,
			);
			path = PDFAnnotator;
			sourceTree = "<group>";
		};
/* End PBXGroup section */

/* Begin PBXNativeTarget section */
		64DFBB0B2103E48800378333 /* PDFAnnotator */ = {
			isa = PBXNativeTarget;
			buildConfigurationList = 64DFBB1E2103E48A00378333 /* Build configuration list for PBXNativeTarget "PDFAnnotator" */;
			buildPhases = (
				64DFBB082103E48800378333 /* Sources */,
				64DFBB092103E48800378333 /* Frameworks */,
				64DFBB0A2103E48800378333 /* Resources */,
			);
			buildRules = (
			);
			dependencies = (
			);
			name = PDFAnnotator;
			productName = PDFAnnotator;
			productReference = 64DFBB0C2103E48800378333 /* PDFAnnotator.app */;
			productType = "com.apple.product-type.application";
		};
/* End PBXNativeTarget section */

/* Begin PBXProject section */
		64DFBB042103E48800378333 /* Project object */ = {
			isa = PBXProject;
			attributes = {
				LastSwiftUpdateCheck = 0940;
				LastUpgradeCheck = 0940;
				ORGANIZATIONNAME = "Raphael Reyna";
				TargetAttributes = {
					64DFBB0B2103E48800378333 = {
						CreatedOnToolsVersion = 9.4.1;
					};
				};
			};
			buildConfigurationList = 64DFBB072103E48800378333 /* Build configuration list for PBXProject "PDFAnnotator" */;
			compatibilityVersion = "Xcode 9.3";
			developmentRegion = en;
			hasScannedForEncodings = 0;
			knownRegions = (
				en,
				Base,
			);
			mainGroup = 64DFBB032103E48800378333;
			productRefGroup = 64DFBB0D2103E48800378333 /* Products */;
			projectDirPath = "";
			projectRoot = "";
			targets = (
				64DFBB0B2103E48800378333 /* PDFAnnotator */,
			);
		};
/* End PBXProject section */

/* Begin PBXResourcesBuildPhase section */
		64DFBB0A2103E48800378333 /* Resources */ = {
			isa = PBXResourcesBuildPhase;
			buildActionMask = 2147483647;
			files = (
				64DFBB1A2103E48A00378333 /* LaunchScreen.storyboard in Resources */,
				64DFBB172103E48A00378333 /* Assets.xcassets in Resources */,
				64DFBB222103E62A00378333 /* pdf.pdf in Resources */,
				64DFBB152103E48800378333 /* Main.storyboard in Resources */,
			);
			runOnlyForDeploymentPostprocessing = 0;
		};
/* End PBXResourcesBuildPhase section */

/* Begin PBXSourcesBuildPhase section */
		64DFBB082103E48800378333 /* Sources */ = {
			isa = PBXSourcesBuildPhase;
			buildActionMask = 2147483647;
			files = (
				64DFBB122103E48800378333 /* ViewController.swift in Sources */,
				64B14FEB2105A09700394323 /* Misc.swift in Sources */,
				64DFBB102103E48800378333 /* AppDelegate.swift in Sources */,
				6496735221056B8D00D8E827 /* WritablePageView.swift in Sources */,
				64BEFCE42106B79A006274A7 /* WritablePage.swift in Sources */,
			);
			runOnlyForDeploymentPostprocessing = 0;
		};
/* End PBXSourcesBuildPhase section */

/* Begin PBXVariantGroup section */
		64DFBB132103E48800378333 /* Main.storyboard */ = {
			isa = PBXVariantGroup;
			children = (
				64DFBB142103E48800378333 /* Base */,
			);
			name = Main.storyboard;
			sourceTree = "<group>";
		};
		64DFBB182103E48A00378333 /* LaunchScreen.storyboard */ = {
			isa = PBXVariantGroup;
			children = (
				64DFBB192103E48A00378333 /* Base */,
			);
			name = LaunchScreen.storyboard;
			sourceTree = "<group>";
		};
/* End PBXVariantGroup section */

/* Begin XCBuildConfiguration section */
		64DFBB1C2103E48A00378333 /* Debug */ = {
			isa = XCBuildConfiguration;
			buildSettings = {
				ALWAYS_SEARCH_USER_PATHS = NO;
				CLANG_ANALYZER_NONNULL = YES;
				CLANG_ANALYZER_NUMBER_OBJECT_CONVERSION = YES_AGGRESSIVE;
				CLANG_CXX_LANGUAGE_STANDARD = "gnu++14";
				CLANG_CXX_LIBRARY = "libc++";
				CLANG_ENABLE_MODULES = YES;
				CLANG_ENABLE_OBJC_ARC = YES;
				CLANG_ENABLE_OBJC_WEAK = YES;
				CLANG_WARN_BLOCK_CAPTURE_AUTORELEASING = YES;
				CLANG_WARN_BOOL_CONVERSION = YES;
				CLANG_WARN_COMMA = YES;
				CLANG_WARN_CONSTANT_CONVERSION = YES;
				CLANG_WARN_DEPRECATED_OBJC_IMPLEMENTATIONS = YES;
				CLANG_WARN_DIRECT_OBJC_ISA_USAGE = YES_ERROR;
				CLANG_WARN_DOCUMENTATION_COMMENTS = YES;
				CLANG_WARN_EMPTY_BODY = YES;
				CLANG_WARN_ENUM_CONVERSION = YES;
				CLANG_WARN_INFINITE_RECURSION = YES;
				CLANG_WARN_INT_CONVERSION = YES;
				CLANG_WARN_NON_LITERAL_NULL_CONVERSION = YES;
				CLANG_WARN_OBJC_IMPLICIT_RETAIN_SELF = YES;
				CLANG_WARN_OBJC_LITERAL_CONVERSION = YES;
				CLANG_WARN_OBJC_ROOT_CLASS = YES_ERROR;
				CLANG_WARN_RANGE_LOOP_ANALYSIS = YES;
				CLANG_WARN_STRICT_PROTOTYPES = YES;
				CLANG_WARN_SUSPICIOUS_MOVE = YES;
				CLANG_WARN_UNGUARDED_AVAILABILITY = YES_AGGRESSIVE;
				CLANG_WARN_UNREACHABLE_CODE = YES;
				CLANG_WARN__DUPLICATE_METHOD_MATCH = YES;
				CODE_SIGN_IDENTITY = "iPhone Developer";
				COPY_PHASE_STRIP = NO;
				DEBUG_INFORMATION_FORMAT = dwarf;
				ENABLE_STRICT_OBJC_MSGSEND = YES;
				ENABLE_TESTABILITY = YES;
				GCC_C_LANGUAGE_STANDARD = gnu11;
				GCC_DYNAMIC_NO_PIC = NO;
				GCC_NO_COMMON_BLOCKS = YES;
				GCC_OPTIMIZATION_LEVEL = 0;
				GCC_PREPROCESSOR_DEFINITIONS = (
					"DEBUG=1",
					"$(inherited)",
				);
				GCC_WARN_64_TO_32_BIT_CONVERSION = YES;
				GCC_WARN_ABOUT_RETURN_TYPE = YES_ERROR;
				GCC_WARN_UNDECLARED_SELECTOR = YES;
				GCC_WARN_UNINITIALIZED_AUTOS = YES_AGGRESSIVE;
				GCC_WARN_UNUSED_FUNCTION = YES;
				GCC_WARN_UNUSED_VARIABLE = YES;
				IPHONEOS_DEPLOYMENT_TARGET = 11.4;
				MTL_ENABLE_DEBUG_INFO = YES;
				ONLY_ACTIVE_ARCH = YES;
				SDKROOT = iphoneos;
				SWIFT_ACTIVE_COMPILATION_CONDITIONS = DEBUG;
				SWIFT_OPTIMIZATION_LEVEL = "-Onone";
			};
			name = Debug;
		};
		64DFBB1D2103E48A00378333 /* Release */ = {
			isa = XCBuildConfiguration;
			buildSettings = {
				ALWAYS_SEARCH_USER_PATHS = NO;
				CLANG_ANALYZER_NONNULL = YES;
				CLANG_ANALYZER_NUMBER_OBJECT_CONVERSION = YES_AGGRESSIVE;
				CLANG_CXX_LANGUAGE_STANDARD = "gnu++14";
				CLANG_CXX_LIBRARY = "libc++";
				CLANG_ENABLE_MODULES = YES;
				CLANG_ENABLE_OBJC_ARC = YES;
				CLANG_ENABLE_OBJC_WEAK = YES;
				CLANG_WARN_BLOCK_CAPTURE_AUTORELEASING = YES;
				CLANG_WARN_BOOL_CONVERSION = YES;
				CLANG_WARN_COMMA = YES;
				CLANG_WARN_CONSTANT_CONVERSION = YES;
				CLANG_WARN_DEPRECATED_OBJC_IMPLEMENTATIONS = YES;
				CLANG_WARN_DIRECT_OBJC_ISA_USAGE = YES_ERROR;
				CLANG_WARN_DOCUMENTATION_COMMENTS = YES;
				CLANG_WARN_EMPTY_BODY = YES;
				CLANG_WARN_ENUM_CONVERSION = YES;
				CLANG_WARN_INFINITE_RECURSION = YES;
				CLANG_WARN_INT_CONVERSION = YES;
				CLANG_WARN_NON_LITERAL_NULL_CONVERSION = YES;
				CLANG_WARN_OBJC_IMPLICIT_RETAIN_SELF = YES;
				CLANG_WARN_OBJC_LITERAL_CONVERSION = YES;
				CLANG_WARN_OBJC_ROOT_CLASS = YES_ERROR;
				CLANG_WARN_RANGE_LOOP_ANALYSIS = YES;
				CLANG_WARN_STRICT_PROTOTYPES = YES;
				CLANG_WARN_SUSPICIOUS_MOVE = YES;
				CLANG_WARN_UNGUARDED_AVAILABILITY = YES_AGGRESSIVE;
				CLANG_WARN_UNREACHABLE_CODE = YES;
				CLANG_WARN__DUPLICATE_METHOD_MATCH = YES;
				CODE_SIGN_IDENTITY = "iPhone Developer";
				COPY_PHASE_STRIP = NO;
				DEBUG_INFORMATION_FORMAT = "dwarf-with-dsym";
				ENABLE_NS_ASSERTIONS = NO;
				ENABLE_STRICT_OBJC_MSGSEND = YES;
				GCC_C_LANGUAGE_STANDARD = gnu11;
				GCC_NO_COMMON_BLOCKS = YES;
				GCC_WARN_64_TO_32_BIT_CONVERSION = YES;
				GCC_WARN_ABOUT_RETURN_TYPE = YES_ERROR;
				GCC_WARN_UNDECLARED_SELECTOR = YES;
				GCC_WARN_UNINITIALIZED_AUTOS = YES_AGGRESSIVE;
				GCC_WARN_UNUSED_FUNCTION = YES;
				GCC_WARN_UNUSED_VARIABLE = YES;
				IPHONEOS_DEPLOYMENT_TARGET = 11.4;
				MTL_ENABLE_DEBUG_INFO = NO;
				SDKROOT = iphoneos;
				SWIFT_COMPILATION_MODE = wholemodule;
				SWIFT_OPTIMIZATION_LEVEL = "-O";
				VALIDATE_PRODUCT = YES;
			};
			name = Release;
		};
		64DFBB1F2103E48A00378333 /* Debug */ = {
			isa = XCBuildConfiguration;
			buildSettings = {
				ASSETCATALOG_COMPILER_APPICON_NAME = AppIcon;
				CODE_SIGN_STYLE = Automatic;
				DEVELOPMENT_TEAM = 5C98TMWV22;
				INFOPLIST_FILE = PDFAnnotator/Info.plist;
				LD_RUNPATH_SEARCH_PATHS = (
					"$(inherited)",
					"@executable_path/Frameworks",
				);
				PRODUCT_BUNDLE_IDENTIFIER = com.rr.PDFAnnotator;
				PRODUCT_NAME = "$(TARGET_NAME)";
				SWIFT_VERSION = 4.0;
				TARGETED_DEVICE_FAMILY = "1,2";
			};
			name = Debug;
		};
		64DFBB202103E48A00378333 /* Release */ = {
			isa = XCBuildConfiguration;
			buildSettings = {
				ASSETCATALOG_COMPILER_APPICON_NAME = AppIcon;
				CODE_SIGN_STYLE = Automatic;
				DEVELOPMENT_TEAM = 5C98TMWV22;
				INFOPLIST_FILE = PDFAnnotator/Info.plist;
				LD_RUNPATH_SEARCH_PATHS = (
					"$(inherited)",
					"@executable_path/Frameworks",
				);
				PRODUCT_BUNDLE_IDENTIFIER = com.rr.PDFAnnotator;
				PRODUCT_NAME = "$(TARGET_NAME)";
				SWIFT_VERSION = 4.0;
				TARGETED_DEVICE_FAMILY = "1,2";
			};
			name = Release;
		};
/* End XCBuildConfiguration section */

/* Begin XCConfigurationList section */
		64DFBB072103E48800378333 /* Build configuration list for PBXProject "PDFAnnotator" */ = {
			isa = XCConfigurationList;
			buildConfigurations = (
				64DFBB1C2103E48A00378333 /* Debug */,
				64DFBB1D2103E48A00378333 /* Release */,
			);
			defaultConfigurationIsVisible = 0;
			defaultConfigurationName = Release;
		};
		64DFBB1E2103E48A00378333 /* Build configuration list for PBXNativeTarget "PDFAnnotator" */ = {
			isa = XCConfigurationList;
			buildConfigurations = (
				64DFBB1F2103E48A00378333 /* Debug */,
				64DFBB202103E48A00378333 /* Release */,
			);
			defaultConfigurationIsVisible = 0;
			defaultConfigurationName = Release;
		};
/* End XCConfigurationList section */
	};
	rootObject = 64DFBB042103E48800378333 /* Project object */;
}
